
Microsoft Visual Studio Solution File, Format Version 12.00
# Visual Studio Version 16
VisualStudioVersion = 16.0.30204.135
MinimumVisualStudioVersion = 10.0.40219.1
Project("{FAE04EC0-301F-11D3-BF4B-00C04F79EFBC}") = "WindowsApplication", "WindowsApplication\WindowsApplication.csproj", "{39797EB7-B893-46C3-93AF-E6F727E959BA}"
EndProject
Project("{2150E333-8FDC-42A3-9474-1A3956D46DE8}") = "Server", "Server", "{DFC6BA2B-1E1A-4FE0-84AE-09266EC3EF8E}"
EndProject
Project("{2150E333-8FDC-42A3-9474-1A3956D46DE8}") = "Client", "Client", "{DBF61068-3F8F-410B-A829-58F80375F4B0}"
EndProject
Project("{FAE04EC0-301F-11D3-BF4B-00C04F79EFBC}") = "DataHUBClientLibrary", "ClientLib\DataHUBClientLibrary.csproj", "{7CAE32AE-47AC-40E4-BDEA-72D3204929F9}"
EndProject
Project("{FAE04EC0-301F-11D3-BF4B-00C04F79EFBC}") = "DataHUBServerLibrary", "ServerLib\DataHUBServerLibrary.csproj", "{23B1EC5A-FF00-4594-A195-1C278D40AFF2}"
EndProject
Project("{FAE04EC0-301F-11D3-BF4B-00C04F79EFBC}") = "ServerConsole", "ServerConsole\ServerConsole.csproj", "{742154D0-389E-4298-B6CC-D0F079BEE2C5}"
EndProject
Project("{FAE04EC0-301F-11D3-BF4B-00C04F79EFBC}") = "ClientConsole", "ClientConsole\ClientConsole.csproj", "{6697C9C1-B90E-4838-87E8-8AEB6C849AE5}"
EndProject
Project("{2150E333-8FDC-42A3-9474-1A3956D46DE8}") = "Common", "Common", "{BE11A243-61F5-42D4-9B97-1F06806AB562}"
EndProject
Project("{FAE04EC0-301F-11D3-BF4B-00C04F79EFBC}") = "DataHUBCommonLibrary", "DataHUBCommonLibrary\DataHUBCommonLibrary.csproj", "{87C0D467-064F-4B58-A947-6F12E8E28BA1}"
EndProject
Project("{FAE04EC0-301F-11D3-BF4B-00C04F79EFBC}") = "DataHUBWeb", "DataHUBWeb\DataHUBWeb.csproj", "{98913E83-4BD5-4E3B-AA58-5D149ECE9EB0}"
EndProject
Project("{2150E333-8FDC-42A3-9474-1A3956D46DE8}") = "Web", "Web", "{EBF528AF-CAD0-456D-A5D5-903C912FCE44}"
EndProject
Project("{FAE04EC0-301F-11D3-BF4B-00C04F79EFBC}") = "DataHubWeb2", "DataHubWeb2\DataHubWeb2.csproj", "{DDA49101-9D7F-4D94-B348-120EE2751A72}"
EndProject
Global
	GlobalSection(SolutionConfigurationPlatforms) = preSolution
		Debug|Any CPU = Debug|Any CPU
		Release|Any CPU = Release|Any CPU
	EndGlobalSection
	GlobalSection(ProjectConfigurationPlatforms) = postSolution
		{39797EB7-B893-46C3-93AF-E6F727E959BA}.Debug|Any CPU.ActiveCfg = Debug|Any CPU
		{39797EB7-B893-46C3-93AF-E6F727E959BA}.Debug|Any CPU.Build.0 = Debug|Any CPU
		{39797EB7-B893-46C3-93AF-E6F727E959BA}.Release|Any CPU.ActiveCfg = Release|Any CPU
		{39797EB7-B893-46C3-93AF-E6F727E959BA}.Release|Any CPU.Build.0 = Release|Any CPU
		{7CAE32AE-47AC-40E4-BDEA-72D3204929F9}.Debug|Any CPU.ActiveCfg = Debug|Any CPU
		{7CAE32AE-47AC-40E4-BDEA-72D3204929F9}.Debug|Any CPU.Build.0 = Debug|Any CPU
		{7CAE32AE-47AC-40E4-BDEA-72D3204929F9}.Release|Any CPU.ActiveCfg = Release|Any CPU
		{7CAE32AE-47AC-40E4-BDEA-72D3204929F9}.Release|Any CPU.Build.0 = Release|Any CPU
		{23B1EC5A-FF00-4594-A195-1C278D40AFF2}.Debug|Any CPU.ActiveCfg = Debug|Any CPU
		{23B1EC5A-FF00-4594-A195-1C278D40AFF2}.Debug|Any CPU.Build.0 = Debug|Any CPU
		{23B1EC5A-FF00-4594-A195-1C278D40AFF2}.Release|Any CPU.ActiveCfg = Release|Any CPU
		{23B1EC5A-FF00-4594-A195-1C278D40AFF2}.Release|Any CPU.Build.0 = Release|Any CPU
		{742154D0-389E-4298-B6CC-D0F079BEE2C5}.Debug|Any CPU.ActiveCfg = Debug|Any CPU
		{742154D0-389E-4298-B6CC-D0F079BEE2C5}.Debug|Any CPU.Build.0 = Debug|Any CPU
		{742154D0-389E-4298-B6CC-D0F079BEE2C5}.Release|Any CPU.ActiveCfg = Release|Any CPU
		{742154D0-389E-4298-B6CC-D0F079BEE2C5}.Release|Any CPU.Build.0 = Release|Any CPU
		{6697C9C1-B90E-4838-87E8-8AEB6C849AE5}.Debug|Any CPU.ActiveCfg = Debug|Any CPU
		{6697C9C1-B90E-4838-87E8-8AEB6C849AE5}.Debug|Any CPU.Build.0 = Debug|Any CPU
		{6697C9C1-B90E-4838-87E8-8AEB6C849AE5}.Release|Any CPU.ActiveCfg = Release|Any CPU
		{6697C9C1-B90E-4838-87E8-8AEB6C849AE5}.Release|Any CPU.Build.0 = Release|Any CPU
		{87C0D467-064F-4B58-A947-6F12E8E28BA1}.Debug|Any CPU.ActiveCfg = Debug|Any CPU
		{87C0D467-064F-4B58-A947-6F12E8E28BA1}.Debug|Any CPU.Build.0 = Debug|Any CPU
		{87C0D467-064F-4B58-A947-6F12E8E28BA1}.Release|Any CPU.ActiveCfg = Release|Any CPU
		{87C0D467-064F-4B58-A947-6F12E8E28BA1}.Release|Any CPU.Build.0 = Release|Any CPU
		{98913E83-4BD5-4E3B-AA58-5D149ECE9EB0}.Debug|Any CPU.ActiveCfg = Debug|Any CPU
		{98913E83-4BD5-4E3B-AA58-5D149ECE9EB0}.Debug|Any CPU.Build.0 = Debug|Any CPU
		{98913E83-4BD5-4E3B-AA58-5D149ECE9EB0}.Release|Any CPU.ActiveCfg = Release|Any CPU
		{98913E83-4BD5-4E3B-AA58-5D149ECE9EB0}.Release|Any CPU.Build.0 = Release|Any CPU
		{DDA49101-9D7F-4D94-B348-120EE2751A72}.Debug|Any CPU.ActiveCfg = Debug|Any CPU
		{DDA49101-9D7F-4D94-B348-120EE2751A72}.Debug|Any CPU.Build.0 = Debug|Any CPU
		{DDA49101-9D7F-4D94-B348-120EE2751A72}.Release|Any CPU.ActiveCfg = Release|Any CPU
		{DDA49101-9D7F-4D94-B348-120EE2751A72}.Release|Any CPU.Build.0 = Release|Any CPU
	EndGlobalSection
	GlobalSection(SolutionProperties) = preSolution
		HideSolutionNode = FALSE
	EndGlobalSection
	GlobalSection(NestedProjects) = preSolution
		{39797EB7-B893-46C3-93AF-E6F727E959BA} = {DBF61068-3F8F-410B-A829-58F80375F4B0}
		{7CAE32AE-47AC-40E4-BDEA-72D3204929F9} = {DBF61068-3F8F-410B-A829-58F80375F4B0}
		{23B1EC5A-FF00-4594-A195-1C278D40AFF2} = {DFC6BA2B-1E1A-4FE0-84AE-09266EC3EF8E}
		{742154D0-389E-4298-B6CC-D0F079BEE2C5} = {DFC6BA2B-1E1A-4FE0-84AE-09266EC3EF8E}
		{6697C9C1-B90E-4838-87E8-8AEB6C849AE5} = {DBF61068-3F8F-410B-A829-58F80375F4B0}
		{87C0D467-064F-4B58-A947-6F12E8E28BA1} = {BE11A243-61F5-42D4-9B97-1F06806AB562}
		{98913E83-4BD5-4E3B-AA58-5D149ECE9EB0} = {EBF528AF-CAD0-456D-A5D5-903C912FCE44}
		{DDA49101-9D7F-4D94-B348-120EE2751A72} = {EBF528AF-CAD0-456D-A5D5-903C912FCE44}
	EndGlobalSection
	GlobalSection(ExtensibilityGlobals) = postSolution
		SolutionGuid = {5CA78370-A889-4923-8976-1A2C5C3D0A1F}
	EndGlobalSection
EndGlobal
